
Microsoft Visual Studio Solution File, Format Version 12.00
# Visual Studio Version 16
VisualStudioVersion = 16.0.30104.148
MinimumVisualStudioVersion = 10.0.40219.1
Project("{FAE04EC0-301F-11D3-BF4B-00C04F79EFBC}") = "RentalKendaraan", "RentalKendaraan\RentalKendaraan.csproj", "{E2CC9AC6-FCB3-454A-BDBD-A7A3A82A9098}"
EndProject
Global
	GlobalSection(SolutionConfigurationPlatforms) = preSolution
		Debug|Any CPU = Debug|Any CPU
		Release|Any CPU = Release|Any CPU
	EndGlobalSection
	GlobalSection(ProjectConfigurationPlatforms) = postSolution
		{E2CC9AC6-FCB3-454A-BDBD-A7A3A82A9098}.Debug|Any CPU.ActiveCfg = Debug|Any CPU
		{E2CC9AC6-FCB3-454A-BDBD-A7A3A82A9098}.Debug|Any CPU.Build.0 = Debug|Any CPU
		{E2CC9AC6-FCB3-454A-BDBD-A7A3A82A9098}.Release|Any CPU.ActiveCfg = Release|Any CPU
		{E2CC9AC6-FCB3-454A-BDBD-A7A3A82A9098}.Release|Any CPU.Build.0 = Release|Any CPU
	EndGlobalSection
	GlobalSection(SolutionProperties) = preSolution
		HideSolutionNode = FALSE
	EndGlobalSection
	GlobalSection(ExtensibilityGlobals) = postSolution
		SolutionGuid = {86E3A498-5790-4C6D-9994-97C8DFD18E66}
	EndGlobalSection
EndGlobal
